// !$*UTF8*$!
{
	archiveVersion = 1;
	classes = {
	};
	objectVersion = 46;
	objects = {

/* Begin PBXBuildFile section */
		9D06E1FD1C54C82C0019E748 /* FutureWeatherTable.m in Sources */ = {isa = PBXBuildFile; fileRef = 9D06E1FC1C54C82C0019E748 /* FutureWeatherTable.m */; };
		9D06E2011C54C8610019E748 /* FutureWeatherTableCell.m in Sources */ = {isa = PBXBuildFile; fileRef = 9D06E1FF1C54C8610019E748 /* FutureWeatherTableCell.m */; };
		9D06E2021C54C8610019E748 /* FutureWeatherTableCell.xib in Resources */ = {isa = PBXBuildFile; fileRef = 9D06E2001C54C8610019E748 /* FutureWeatherTableCell.xib */; };
		9D06E2041C54E1770019E748 /* cities.plist in Resources */ = {isa = PBXBuildFile; fileRef = 9D06E2031C54E1770019E748 /* cities.plist */; };
		9D6F94DF1C533B8F0036A25A /* WeatherModel.m in Sources */ = {isa = PBXBuildFile; fileRef = 9D6F94DE1C533B8F0036A25A /* WeatherModel.m */; };
		9D6F94E31C5349790036A25A /* BaseNetManager.m in Sources */ = {isa = PBXBuildFile; fileRef = 9D6F94E21C5349790036A25A /* BaseNetManager.m */; };
		9D6F94E61C5349A40036A25A /* WeatherNetManager.m in Sources */ = {isa = PBXBuildFile; fileRef = 9D6F94E51C5349A40036A25A /* WeatherNetManager.m */; };
		9D6F94EE1C534ADC0036A25A /* Foundation+Log.m in Sources */ = {isa = PBXBuildFile; fileRef = 9D6F94E71C534ADC0036A25A /* Foundation+Log.m */; };
		9D6F94EF1C534ADC0036A25A /* NSObject+AFNet.m in Sources */ = {isa = PBXBuildFile; fileRef = 9D6F94E91C534ADC0036A25A /* NSObject+AFNet.m */; };
		9D6F94F01C534ADC0036A25A /* NSObject+MJParse.m in Sources */ = {isa = PBXBuildFile; fileRef = 9D6F94EB1C534ADC0036A25A /* NSObject+MJParse.m */; };
		9D6F94F11C534ADC0036A25A /* UIScrollView+Refresh.m in Sources */ = {isa = PBXBuildFile; fileRef = 9D6F94ED1C534ADC0036A25A /* UIScrollView+Refresh.m */; };
		9D6F94F41C53546F0036A25A /* MainViewController.m in Sources */ = {isa = PBXBuildFile; fileRef = 9D6F94F31C53546F0036A25A /* MainViewController.m */; };
		9DA11F481C559F0500D7FC33 /* GPSManager.m in Sources */ = {isa = PBXBuildFile; fileRef = 9DA11F471C559F0500D7FC33 /* GPSManager.m */; };
		9DA11F4B1C55BF5500D7FC33 /* CityModel.m in Sources */ = {isa = PBXBuildFile; fileRef = 9DA11F4A1C55BF5500D7FC33 /* CityModel.m */; };
		9DA11F4E1C55C00E00D7FC33 /* CityNetManager.m in Sources */ = {isa = PBXBuildFile; fileRef = 9DA11F4D1C55C00E00D7FC33 /* CityNetManager.m */; };
		9DA11F961C55EEBE00D7FC33 /* undefined.png in Resources */ = {isa = PBXBuildFile; fileRef = 9DA11F731C55EEBE00D7FC33 /* undefined.png */; };
		9DA120A81C56112B00D7FC33 /* weatherIcon.plist in Resources */ = {isa = PBXBuildFile; fileRef = 9DA120A71C56112B00D7FC33 /* weatherIcon.plist */; };
		9DA120AB1C5612A700D7FC33 /* WeatherIconManager.m in Sources */ = {isa = PBXBuildFile; fileRef = 9DA120AA1C5612A700D7FC33 /* WeatherIconManager.m */; };
		9DA716861C5742330083819B /* WeatherListViewController.m in Sources */ = {isa = PBXBuildFile; fileRef = 9DA716851C5742330083819B /* WeatherListViewController.m */; };
		9DA7168A1C5743C60083819B /* WeatherTableViewCell.m in Sources */ = {isa = PBXBuildFile; fileRef = 9DA716881C5743C60083819B /* WeatherTableViewCell.m */; };
		9DA7168B1C5743C60083819B /* WeatherTableViewCell.xib in Resources */ = {isa = PBXBuildFile; fileRef = 9DA716891C5743C60083819B /* WeatherTableViewCell.xib */; };
		9DA7169D1C578FF10083819B /* ct.jpg in Resources */ = {isa = PBXBuildFile; fileRef = 9DA716971C578FF10083819B /* ct.jpg */; };
		9DA7169E1C578FF10083819B /* fs.jpg in Resources */ = {isa = PBXBuildFile; fileRef = 9DA716981C578FF10083819B /* fs.jpg */; };
		9DA7169F1C578FF10083819B /* gm.jpg in Resources */ = {isa = PBXBuildFile; fileRef = 9DA716991C578FF10083819B /* gm.jpg */; };
		9DA716A01C578FF10083819B /* ls.jpg in Resources */ = {isa = PBXBuildFile; fileRef = 9DA7169A1C578FF10083819B /* ls.jpg */; };
		9DA716A11C578FF10083819B /* xc.jpg in Resources */ = {isa = PBXBuildFile; fileRef = 9DA7169B1C578FF10083819B /* xc.jpg */; };
		9DA716A21C578FF10083819B /* yd.jpg in Resources */ = {isa = PBXBuildFile; fileRef = 9DA7169C1C578FF10083819B /* yd.jpg */; };
		9DA716A51C57A4570083819B /* HeaderScrollView.m in Sources */ = {isa = PBXBuildFile; fileRef = 9DA716A41C57A4570083819B /* HeaderScrollView.m */; };
		9DCA525B1C50F64200FF6DC3 /* main.m in Sources */ = {isa = PBXBuildFile; fileRef = 9DCA525A1C50F64200FF6DC3 /* main.m */; };
		9DCA525E1C50F64200FF6DC3 /* AppDelegate.m in Sources */ = {isa = PBXBuildFile; fileRef = 9DCA525D1C50F64200FF6DC3 /* AppDelegate.m */; };
		9DCA52641C50F64200FF6DC3 /* Main.storyboard in Resources */ = {isa = PBXBuildFile; fileRef = 9DCA52621C50F64200FF6DC3 /* Main.storyboard */; };
		9DCA52661C50F64200FF6DC3 /* Assets.xcassets in Resources */ = {isa = PBXBuildFile; fileRef = 9DCA52651C50F64200FF6DC3 /* Assets.xcassets */; };
		9DCA52691C50F64200FF6DC3 /* LaunchScreen.storyboard in Resources */ = {isa = PBXBuildFile; fileRef = 9DCA52671C50F64200FF6DC3 /* LaunchScreen.storyboard */; };
		9DCA52741C50F64200FF6DC3 /* ____Tests.m in Sources */ = {isa = PBXBuildFile; fileRef = 9DCA52731C50F64200FF6DC3 /* ____Tests.m */; };
		9DCA527F1C50F64200FF6DC3 /* ____UITests.m in Sources */ = {isa = PBXBuildFile; fileRef = 9DCA527E1C50F64200FF6DC3 /* ____UITests.m */; };
		9DCA52A41C50F91E00FF6DC3 /* AppDelegate+Category.m in Sources */ = {isa = PBXBuildFile; fileRef = 9DCA528E1C50F91E00FF6DC3 /* AppDelegate+Category.m */; };
		9DCA52A71C50F91E00FF6DC3 /* Factory.m in Sources */ = {isa = PBXBuildFile; fileRef = 9DCA52981C50F91E00FF6DC3 /* Factory.m */; };
		9DCA52A81C50F91E00FF6DC3 /* BaseModel.m in Sources */ = {isa = PBXBuildFile; fileRef = 9DCA529B1C50F91E00FF6DC3 /* BaseModel.m */; };
		EDDF1AC75632128E7CE626BD /* libPods-温室助手.a in Frameworks */ = {isa = PBXBuildFile; fileRef = 42C5EB5246473EBDD057B6CA /* libPods-温室助手.a */; };
/* End PBXBuildFile section */

/* Begin PBXContainerItemProxy section */
		9DCA52701C50F64200FF6DC3 /* PBXContainerItemProxy */ = {
			isa = PBXContainerItemProxy;
			containerPortal = 9DCA524E1C50F64200FF6DC3 /* Project object */;
			proxyType = 1;
			remoteGlobalIDString = 9DCA52551C50F64200FF6DC3;
			remoteInfo = "温室助手";
		};
		9DCA527B1C50F64200FF6DC3 /* PBXContainerItemProxy */ = {
			isa = PBXContainerItemProxy;
			containerPortal = 9DCA524E1C50F64200FF6DC3 /* Project object */;
			proxyType = 1;
			remoteGlobalIDString = 9DCA52551C50F64200FF6DC3;
			remoteInfo = "温室助手";
		};
/* End PBXContainerItemProxy section */

/* Begin PBXFileReference section */
		1DBB748677C3F0ED7E84F195 /* Pods-温室助手.release.xcconfig */ = {isa = PBXFileReference; includeInIndex = 1; lastKnownFileType = text.xcconfig; name = "Pods-温室助手.release.xcconfig"; path = "Pods/Target Support Files/Pods-温室助手/Pods-温室助手.release.xcconfig"; sourceTree = "<group>"; };
		42C5EB5246473EBDD057B6CA /* libPods-温室助手.a */ = {isa = PBXFileReference; explicitFileType = archive.ar; includeInIndex = 0; path = "libPods-温室助手.a"; sourceTree = BUILT_PRODUCTS_DIR; };
		77CD7053B134CCB5A6CD225E /* Pods-温室助手.debug.xcconfig */ = {isa = PBXFileReference; includeInIndex = 1; lastKnownFileType = text.xcconfig; name = "Pods-温室助手.debug.xcconfig"; path = "Pods/Target Support Files/Pods-温室助手/Pods-温室助手.debug.xcconfig"; sourceTree = "<group>"; };
		9D06E1FB1C54C82C0019E748 /* FutureWeatherTable.h */ = {isa = PBXFileReference; fileEncoding = 4; lastKnownFileType = sourcecode.c.h; name = FutureWeatherTable.h; path = "温室助手/Class/Main/ViewController/FutureWeatherTable.h"; sourceTree = SOURCE_ROOT; };
		9D06E1FC1C54C82C0019E748 /* FutureWeatherTable.m */ = {isa = PBXFileReference; fileEncoding = 4; lastKnownFileType = sourcecode.c.objc; name = FutureWeatherTable.m; path = "温室助手/Class/Main/ViewController/FutureWeatherTable.m"; sourceTree = SOURCE_ROOT; };
		9D06E1FE1C54C8610019E748 /* FutureWeatherTableCell.h */ = {isa = PBXFileReference; fileEncoding = 4; lastKnownFileType = sourcecode.c.h; name = FutureWeatherTableCell.h; path = "温室助手/Class/Main/ViewController/FutureWeatherTableCell.h"; sourceTree = SOURCE_ROOT; };
		9D06E1FF1C54C8610019E748 /* FutureWeatherTableCell.m */ = {isa = PBXFileReference; fileEncoding = 4; lastKnownFileType = sourcecode.c.objc; name = FutureWeatherTableCell.m; path = "温室助手/Class/Main/ViewController/FutureWeatherTableCell.m"; sourceTree = SOURCE_ROOT; };
		9D06E2001C54C8610019E748 /* FutureWeatherTableCell.xib */ = {isa = PBXFileReference; fileEncoding = 4; lastKnownFileType = file.xib; name = FutureWeatherTableCell.xib; path = "温室助手/Class/Main/ViewController/FutureWeatherTableCell.xib"; sourceTree = SOURCE_ROOT; };
		9D06E2031C54E1770019E748 /* cities.plist */ = {isa = PBXFileReference; fileEncoding = 4; lastKnownFileType = text.plist.xml; path = cities.plist; sourceTree = "<group>"; };
		9D6F94DC1C5331FE0036A25A /* PrefixHeader.pch */ = {isa = PBXFileReference; lastKnownFileType = sourcecode.c.h; path = PrefixHeader.pch; sourceTree = "<group>"; };
		9D6F94DD1C533B8F0036A25A /* WeatherModel.h */ = {isa = PBXFileReference; fileEncoding = 4; lastKnownFileType = sourcecode.c.h; path = WeatherModel.h; sourceTree = "<group>"; };
		9D6F94DE1C533B8F0036A25A /* WeatherModel.m */ = {isa = PBXFileReference; fileEncoding = 4; lastKnownFileType = sourcecode.c.objc; path = WeatherModel.m; sourceTree = "<group>"; };
		9D6F94E11C5349790036A25A /* BaseNetManager.h */ = {isa = PBXFileReference; fileEncoding = 4; lastKnownFileType = sourcecode.c.h; path = BaseNetManager.h; sourceTree = "<group>"; };
		9D6F94E21C5349790036A25A /* BaseNetManager.m */ = {isa = PBXFileReference; fileEncoding = 4; lastKnownFileType = sourcecode.c.objc; path = BaseNetManager.m; sourceTree = "<group>"; };
		9D6F94E41C5349A40036A25A /* WeatherNetManager.h */ = {isa = PBXFileReference; fileEncoding = 4; lastKnownFileType = sourcecode.c.h; path = WeatherNetManager.h; sourceTree = "<group>"; };
		9D6F94E51C5349A40036A25A /* WeatherNetManager.m */ = {isa = PBXFileReference; fileEncoding = 4; lastKnownFileType = sourcecode.c.objc; path = WeatherNetManager.m; sourceTree = "<group>"; };
		9D6F94E71C534ADC0036A25A /* Foundation+Log.m */ = {isa = PBXFileReference; fileEncoding = 4; lastKnownFileType = sourcecode.c.objc; path = "Foundation+Log.m"; sourceTree = "<group>"; };
		9D6F94E81C534ADC0036A25A /* NSObject+AFNet.h */ = {isa = PBXFileReference; fileEncoding = 4; lastKnownFileType = sourcecode.c.h; path = "NSObject+AFNet.h"; sourceTree = "<group>"; };
		9D6F94E91C534ADC0036A25A /* NSObject+AFNet.m */ = {isa = PBXFileReference; fileEncoding = 4; lastKnownFileType = sourcecode.c.objc; path = "NSObject+AFNet.m"; sourceTree = "<group>"; };
		9D6F94EA1C534ADC0036A25A /* NSObject+MJParse.h */ = {isa = PBXFileReference; fileEncoding = 4; lastKnownFileType = sourcecode.c.h; path = "NSObject+MJParse.h"; sourceTree = "<group>"; };
		9D6F94EB1C534ADC0036A25A /* NSObject+MJParse.m */ = {isa = PBXFileReference; fileEncoding = 4; lastKnownFileType = sourcecode.c.objc; path = "NSObject+MJParse.m"; sourceTree = "<group>"; };
		9D6F94EC1C534ADC0036A25A /* UIScrollView+Refresh.h */ = {isa = PBXFileReference; fileEncoding = 4; lastKnownFileType = sourcecode.c.h; path = "UIScrollView+Refresh.h"; sourceTree = "<group>"; };
		9D6F94ED1C534ADC0036A25A /* UIScrollView+Refresh.m */ = {isa = PBXFileReference; fileEncoding = 4; lastKnownFileType = sourcecode.c.objc; path = "UIScrollView+Refresh.m"; sourceTree = "<group>"; };
		9D6F94F21C53546F0036A25A /* MainViewController.h */ = {isa = PBXFileReference; fileEncoding = 4; lastKnownFileType = sourcecode.c.h; path = MainViewController.h; sourceTree = "<group>"; };
		9D6F94F31C53546F0036A25A /* MainViewController.m */ = {isa = PBXFileReference; fileEncoding = 4; lastKnownFileType = sourcecode.c.objc; path = MainViewController.m; sourceTree = "<group>"; };
		9DA11F461C559F0500D7FC33 /* GPSManager.h */ = {isa = PBXFileReference; fileEncoding = 4; lastKnownFileType = sourcecode.c.h; path = GPSManager.h; sourceTree = "<group>"; };
		9DA11F471C559F0500D7FC33 /* GPSManager.m */ = {isa = PBXFileReference; fileEncoding = 4; lastKnownFileType = sourcecode.c.objc; path = GPSManager.m; sourceTree = "<group>"; };
		9DA11F491C55BF5500D7FC33 /* CityModel.h */ = {isa = PBXFileReference; fileEncoding = 4; lastKnownFileType = sourcecode.c.h; path = CityModel.h; sourceTree = "<group>"; };
		9DA11F4A1C55BF5500D7FC33 /* CityModel.m */ = {isa = PBXFileReference; fileEncoding = 4; lastKnownFileType = sourcecode.c.objc; path = CityModel.m; sourceTree = "<group>"; };
		9DA11F4C1C55C00E00D7FC33 /* CityNetManager.h */ = {isa = PBXFileReference; fileEncoding = 4; lastKnownFileType = sourcecode.c.h; path = CityNetManager.h; sourceTree = "<group>"; };
		9DA11F4D1C55C00E00D7FC33 /* CityNetManager.m */ = {isa = PBXFileReference; fileEncoding = 4; lastKnownFileType = sourcecode.c.objc; path = CityNetManager.m; sourceTree = "<group>"; };
		9DA11F4F1C55C0CE00D7FC33 /* BaseURL.h */ = {isa = PBXFileReference; lastKnownFileType = sourcecode.c.h; path = BaseURL.h; sourceTree = "<group>"; };
		9DA11F731C55EEBE00D7FC33 /* undefined.png */ = {isa = PBXFileReference; lastKnownFileType = image.png; name = undefined.png; path = day/undefined.png; sourceTree = "<group>"; };
		9DA120A71C56112B00D7FC33 /* weatherIcon.plist */ = {isa = PBXFileReference; fileEncoding = 4; lastKnownFileType = text.plist.xml; name = weatherIcon.plist; path = day/weatherIcon.plist; sourceTree = "<group>"; };
		9DA120A91C5612A700D7FC33 /* WeatherIconManager.h */ = {isa = PBXFileReference; fileEncoding = 4; lastKnownFileType = sourcecode.c.h; path = WeatherIconManager.h; sourceTree = "<group>"; };
		9DA120AA1C5612A700D7FC33 /* WeatherIconManager.m */ = {isa = PBXFileReference; fileEncoding = 4; lastKnownFileType = sourcecode.c.objc; path = WeatherIconManager.m; sourceTree = "<group>"; };
		9DA716841C5742330083819B /* WeatherListViewController.h */ = {isa = PBXFileReference; fileEncoding = 4; lastKnownFileType = sourcecode.c.h; path = WeatherListViewController.h; sourceTree = "<group>"; };
		9DA716851C5742330083819B /* WeatherListViewController.m */ = {isa = PBXFileReference; fileEncoding = 4; lastKnownFileType = sourcecode.c.objc; path = WeatherListViewController.m; sourceTree = "<group>"; };
		9DA716871C5743C60083819B /* WeatherTableViewCell.h */ = {isa = PBXFileReference; fileEncoding = 4; lastKnownFileType = sourcecode.c.h; path = WeatherTableViewCell.h; sourceTree = "<group>"; };
		9DA716881C5743C60083819B /* WeatherTableViewCell.m */ = {isa = PBXFileReference; fileEncoding = 4; lastKnownFileType = sourcecode.c.objc; path = WeatherTableViewCell.m; sourceTree = "<group>"; };
		9DA716891C5743C60083819B /* WeatherTableViewCell.xib */ = {isa = PBXFileReference; fileEncoding = 4; lastKnownFileType = file.xib; path = WeatherTableViewCell.xib; sourceTree = "<group>"; };
		9DA716971C578FF10083819B /* ct.jpg */ = {isa = PBXFileReference; lastKnownFileType = image.jpeg; path = ct.jpg; sourceTree = "<group>"; };
		9DA716981C578FF10083819B /* fs.jpg */ = {isa = PBXFileReference; lastKnownFileType = image.jpeg; path = fs.jpg; sourceTree = "<group>"; };
		9DA716991C578FF10083819B /* gm.jpg */ = {isa = PBXFileReference; lastKnownFileType = image.jpeg; path = gm.jpg; sourceTree = "<group>"; };
		9DA7169A1C578FF10083819B /* ls.jpg */ = {isa = PBXFileReference; lastKnownFileType = image.jpeg; path = ls.jpg; sourceTree = "<group>"; };
		9DA7169B1C578FF10083819B /* xc.jpg */ = {isa = PBXFileReference; lastKnownFileType = image.jpeg; path = xc.jpg; sourceTree = "<group>"; };
		9DA7169C1C578FF10083819B /* yd.jpg */ = {isa = PBXFileReference; lastKnownFileType = image.jpeg; path = yd.jpg; sourceTree = "<group>"; };
		9DA716A31C57A4570083819B /* HeaderScrollView.h */ = {isa = PBXFileReference; fileEncoding = 4; lastKnownFileType = sourcecode.c.h; path = HeaderScrollView.h; sourceTree = "<group>"; };
		9DA716A41C57A4570083819B /* HeaderScrollView.m */ = {isa = PBXFileReference; fileEncoding = 4; lastKnownFileType = sourcecode.c.objc; path = HeaderScrollView.m; sourceTree = "<group>"; };
		9DCA52561C50F64200FF6DC3 /* 温室助手.app */ = {isa = PBXFileReference; explicitFileType = wrapper.application; includeInIndex = 0; path = "温室助手.app"; sourceTree = BUILT_PRODUCTS_DIR; };
		9DCA525A1C50F64200FF6DC3 /* main.m */ = {isa = PBXFileReference; lastKnownFileType = sourcecode.c.objc; path = main.m; sourceTree = "<group>"; };
		9DCA525C1C50F64200FF6DC3 /* AppDelegate.h */ = {isa = PBXFileReference; lastKnownFileType = sourcecode.c.h; path = AppDelegate.h; sourceTree = "<group>"; };
		9DCA525D1C50F64200FF6DC3 /* AppDelegate.m */ = {isa = PBXFileReference; lastKnownFileType = sourcecode.c.objc; path = AppDelegate.m; sourceTree = "<group>"; };
		9DCA52631C50F64200FF6DC3 /* Base */ = {isa = PBXFileReference; lastKnownFileType = file.storyboard; name = Base; path = Base.lproj/Main.storyboard; sourceTree = "<group>"; };
		9DCA52651C50F64200FF6DC3 /* Assets.xcassets */ = {isa = PBXFileReference; lastKnownFileType = folder.assetcatalog; name = Assets.xcassets; path = ../Assets.xcassets; sourceTree = "<group>"; };
		9DCA52681C50F64200FF6DC3 /* Base */ = {isa = PBXFileReference; lastKnownFileType = file.storyboard; name = Base; path = Base.lproj/LaunchScreen.storyboard; sourceTree = "<group>"; };
		9DCA526A1C50F64200FF6DC3 /* Info.plist */ = {isa = PBXFileReference; lastKnownFileType = text.plist.xml; path = Info.plist; sourceTree = "<group>"; };
		9DCA526F1C50F64200FF6DC3 /* 温室助手Tests.xctest */ = {isa = PBXFileReference; explicitFileType = wrapper.cfbundle; includeInIndex = 0; path = "温室助手Tests.xctest"; sourceTree = BUILT_PRODUCTS_DIR; };
		9DCA52731C50F64200FF6DC3 /* ____Tests.m */ = {isa = PBXFileReference; lastKnownFileType = sourcecode.c.objc; path = "____Tests.m"; sourceTree = "<group>"; };
		9DCA52751C50F64200FF6DC3 /* Info.plist */ = {isa = PBXFileReference; lastKnownFileType = text.plist.xml; path = Info.plist; sourceTree = "<group>"; };
		9DCA527A1C50F64200FF6DC3 /* 温室助手UITests.xctest */ = {isa = PBXFileReference; explicitFileType = wrapper.cfbundle; includeInIndex = 0; path = "温室助手UITests.xctest"; sourceTree = BUILT_PRODUCTS_DIR; };
		9DCA527E1C50F64200FF6DC3 /* ____UITests.m */ = {isa = PBXFileReference; lastKnownFileType = sourcecode.c.objc; path = "____UITests.m"; sourceTree = "<group>"; };
		9DCA52801C50F64200FF6DC3 /* Info.plist */ = {isa = PBXFileReference; lastKnownFileType = text.plist.xml; path = Info.plist; sourceTree = "<group>"; };
		9DCA528D1C50F91E00FF6DC3 /* AppDelegate+Category.h */ = {isa = PBXFileReference; fileEncoding = 4; lastKnownFileType = sourcecode.c.h; path = "AppDelegate+Category.h"; sourceTree = "<group>"; };
		9DCA528E1C50F91E00FF6DC3 /* AppDelegate+Category.m */ = {isa = PBXFileReference; fileEncoding = 4; lastKnownFileType = sourcecode.c.objc; path = "AppDelegate+Category.m"; sourceTree = "<group>"; };
		9DCA52941C50F91E00FF6DC3 /* Constants.h */ = {isa = PBXFileReference; fileEncoding = 4; lastKnownFileType = sourcecode.c.h; path = Constants.h; sourceTree = "<group>"; };
		9DCA52951C50F91E00FF6DC3 /* Methods.h */ = {isa = PBXFileReference; fileEncoding = 4; lastKnownFileType = sourcecode.c.h; path = Methods.h; sourceTree = "<group>"; };
		9DCA52971C50F91E00FF6DC3 /* Factory.h */ = {isa = PBXFileReference; fileEncoding = 4; lastKnownFileType = sourcecode.c.h; path = Factory.h; sourceTree = "<group>"; };
		9DCA52981C50F91E00FF6DC3 /* Factory.m */ = {isa = PBXFileReference; fileEncoding = 4; lastKnownFileType = sourcecode.c.objc; path = Factory.m; sourceTree = "<group>"; };
		9DCA529A1C50F91E00FF6DC3 /* BaseModel.h */ = {isa = PBXFileReference; fileEncoding = 4; lastKnownFileType = sourcecode.c.h; path = BaseModel.h; sourceTree = "<group>"; };
		9DCA529B1C50F91E00FF6DC3 /* BaseModel.m */ = {isa = PBXFileReference; fileEncoding = 4; lastKnownFileType = sourcecode.c.objc; path = BaseModel.m; sourceTree = "<group>"; };
/* End PBXFileReference section */

/* Begin PBXFrameworksBuildPhase section */
		9DCA52531C50F64200FF6DC3 /* Frameworks */ = {
			isa = PBXFrameworksBuildPhase;
			buildActionMask = 2147483647;
			files = (
				EDDF1AC75632128E7CE626BD /* libPods-温室助手.a in Frameworks */,
			);
			runOnlyForDeploymentPostprocessing = 0;
		};
		9DCA526C1C50F64200FF6DC3 /* Frameworks */ = {
			isa = PBXFrameworksBuildPhase;
			buildActionMask = 2147483647;
			files = (
			);
			runOnlyForDeploymentPostprocessing = 0;
		};
		9DCA52771C50F64200FF6DC3 /* Frameworks */ = {
			isa = PBXFrameworksBuildPhase;
			buildActionMask = 2147483647;
			files = (
			);
			runOnlyForDeploymentPostprocessing = 0;
		};
/* End PBXFrameworksBuildPhase section */

/* Begin PBXGroup section */
		64C484682063B9B81CE2F4BD /* Frameworks */ = {
			isa = PBXGroup;
			children = (
				42C5EB5246473EBDD057B6CA /* libPods-温室助手.a */,
			);
			name = Frameworks;
			sourceTree = "<group>";
		};
		9DA716811C5741B70083819B /* WeatherList */ = {
			isa = PBXGroup;
			children = (
				9DA716831C5741F60083819B /* ViewController */,
				9DA716821C5741EC0083819B /* View */,
			);
			path = WeatherList;
			sourceTree = "<group>";
		};
		9DA716821C5741EC0083819B /* View */ = {
			isa = PBXGroup;
			children = (
				9DA716871C5743C60083819B /* WeatherTableViewCell.h */,
				9DA716881C5743C60083819B /* WeatherTableViewCell.m */,
				9DA716891C5743C60083819B /* WeatherTableViewCell.xib */,
				9DA716A31C57A4570083819B /* HeaderScrollView.h */,
				9DA716A41C57A4570083819B /* HeaderScrollView.m */,
			);
			path = View;
			sourceTree = "<group>";
		};
		9DA716831C5741F60083819B /* ViewController */ = {
			isa = PBXGroup;
			children = (
				9DA716841C5742330083819B /* WeatherListViewController.h */,
				9DA716851C5742330083819B /* WeatherListViewController.m */,
			);
			path = ViewController;
			sourceTree = "<group>";
		};
		9DA716961C578FF10083819B /* 天气指数 */ = {
			isa = PBXGroup;
			children = (
				9DA716971C578FF10083819B /* ct.jpg */,
				9DA716981C578FF10083819B /* fs.jpg */,
				9DA716991C578FF10083819B /* gm.jpg */,
				9DA7169A1C578FF10083819B /* ls.jpg */,
				9DA7169B1C578FF10083819B /* xc.jpg */,
				9DA7169C1C578FF10083819B /* yd.jpg */,
			);
			path = "天气指数";
			sourceTree = "<group>";
		};
		9DCA524D1C50F64200FF6DC3 = {
			isa = PBXGroup;
			children = (
				9DCA52581C50F64200FF6DC3 /* 温室助手 */,
				9DCA52721C50F64200FF6DC3 /* 温室助手Tests */,
				9DCA527D1C50F64200FF6DC3 /* 温室助手UITests */,
				9DCA52571C50F64200FF6DC3 /* Products */,
				F484F6962D364431DE5F4D40 /* Pods */,
				64C484682063B9B81CE2F4BD /* Frameworks */,
			);
			sourceTree = "<group>";
		};
		9DCA52571C50F64200FF6DC3 /* Products */ = {
			isa = PBXGroup;
			children = (
				9DCA52561C50F64200FF6DC3 /* 温室助手.app */,
				9DCA526F1C50F64200FF6DC3 /* 温室助手Tests.xctest */,
				9DCA527A1C50F64200FF6DC3 /* 温室助手UITests.xctest */,
			);
			name = Products;
			sourceTree = "<group>";
		};
		9DCA52581C50F64200FF6DC3 /* 温室助手 */ = {
			isa = PBXGroup;
			children = (
				9DCA52AB1C50F98400FF6DC3 /* Class */,
				9DCA528C1C50F91E00FF6DC3 /* Category */,
				9DCA52931C50F91E00FF6DC3 /* Define */,
				9DCA52961C50F91E00FF6DC3 /* Factory */,
				9DCA52991C50F91E00FF6DC3 /* Model */,
				9DCA529C1C50F91E00FF6DC3 /* NetManager */,
				9DCA52A21C50F91E00FF6DC3 /* Resource */,
				9DCA52A31C50F91E00FF6DC3 /* Vendor */,
				9DCA525C1C50F64200FF6DC3 /* AppDelegate.h */,
				9DCA525D1C50F64200FF6DC3 /* AppDelegate.m */,
				9DCA52591C50F64200FF6DC3 /* Supporting Files */,
			);
			path = "温室助手";
			sourceTree = "<group>";
		};
		9DCA52591C50F64200FF6DC3 /* Supporting Files */ = {
			isa = PBXGroup;
			children = (
				9DCA526A1C50F64200FF6DC3 /* Info.plist */,
				9DCA525A1C50F64200FF6DC3 /* main.m */,
			);
			name = "Supporting Files";
			sourceTree = "<group>";
		};
		9DCA52721C50F64200FF6DC3 /* 温室助手Tests */ = {
			isa = PBXGroup;
			children = (
				9DCA52731C50F64200FF6DC3 /* ____Tests.m */,
				9DCA52751C50F64200FF6DC3 /* Info.plist */,
			);
			path = "温室助手Tests";
			sourceTree = "<group>";
		};
		9DCA527D1C50F64200FF6DC3 /* 温室助手UITests */ = {
			isa = PBXGroup;
			children = (
				9DCA527E1C50F64200FF6DC3 /* ____UITests.m */,
				9DCA52801C50F64200FF6DC3 /* Info.plist */,
			);
			path = "温室助手UITests";
			sourceTree = "<group>";
		};
		9DCA528C1C50F91E00FF6DC3 /* Category */ = {
			isa = PBXGroup;
			children = (
				9D6F94E71C534ADC0036A25A /* Foundation+Log.m */,
				9D6F94E81C534ADC0036A25A /* NSObject+AFNet.h */,
				9D6F94E91C534ADC0036A25A /* NSObject+AFNet.m */,
				9D6F94EA1C534ADC0036A25A /* NSObject+MJParse.h */,
				9D6F94EB1C534ADC0036A25A /* NSObject+MJParse.m */,
				9D6F94EC1C534ADC0036A25A /* UIScrollView+Refresh.h */,
				9D6F94ED1C534ADC0036A25A /* UIScrollView+Refresh.m */,
				9DCA528D1C50F91E00FF6DC3 /* AppDelegate+Category.h */,
				9DCA528E1C50F91E00FF6DC3 /* AppDelegate+Category.m */,
			);
			path = Category;
			sourceTree = "<group>";
		};
		9DCA52931C50F91E00FF6DC3 /* Define */ = {
			isa = PBXGroup;
			children = (
				9DCA52941C50F91E00FF6DC3 /* Constants.h */,
				9DCA52951C50F91E00FF6DC3 /* Methods.h */,
				9DA11F4F1C55C0CE00D7FC33 /* BaseURL.h */,
			);
			path = Define;
			sourceTree = "<group>";
		};
		9DCA52961C50F91E00FF6DC3 /* Factory */ = {
			isa = PBXGroup;
			children = (
				9DCA52971C50F91E00FF6DC3 /* Factory.h */,
				9DCA52981C50F91E00FF6DC3 /* Factory.m */,
				9DA11F461C559F0500D7FC33 /* GPSManager.h */,
				9DA11F471C559F0500D7FC33 /* GPSManager.m */,
				9DA120A91C5612A700D7FC33 /* WeatherIconManager.h */,
				9DA120AA1C5612A700D7FC33 /* WeatherIconManager.m */,
			);
			path = Factory;
			sourceTree = "<group>";
		};
		9DCA52991C50F91E00FF6DC3 /* Model */ = {
			isa = PBXGroup;
			children = (
				9DCA529A1C50F91E00FF6DC3 /* BaseModel.h */,
				9DCA529B1C50F91E00FF6DC3 /* BaseModel.m */,
				9D6F94DD1C533B8F0036A25A /* WeatherModel.h */,
				9D6F94DE1C533B8F0036A25A /* WeatherModel.m */,
				9DA11F491C55BF5500D7FC33 /* CityModel.h */,
				9DA11F4A1C55BF5500D7FC33 /* CityModel.m */,
			);
			path = Model;
			sourceTree = "<group>";
		};
		9DCA529C1C50F91E00FF6DC3 /* NetManager */ = {
			isa = PBXGroup;
			children = (
				9D6F94E11C5349790036A25A /* BaseNetManager.h */,
				9D6F94E21C5349790036A25A /* BaseNetManager.m */,
				9D6F94E41C5349A40036A25A /* WeatherNetManager.h */,
				9D6F94E51C5349A40036A25A /* WeatherNetManager.m */,
				9DA11F4C1C55C00E00D7FC33 /* CityNetManager.h */,
				9DA11F4D1C55C00E00D7FC33 /* CityNetManager.m */,
			);
			path = NetManager;
			sourceTree = "<group>";
		};
		9DCA52A21C50F91E00FF6DC3 /* Resource */ = {
			isa = PBXGroup;
			children = (
				9DA716961C578FF10083819B /* 天气指数 */,
				9DCA52651C50F64200FF6DC3 /* Assets.xcassets */,
				9DA120A71C56112B00D7FC33 /* weatherIcon.plist */,
				9D06E2031C54E1770019E748 /* cities.plist */,
				9DA11F731C55EEBE00D7FC33 /* undefined.png */,
				9D6F94DC1C5331FE0036A25A /* PrefixHeader.pch */,
			);
			path = Resource;
			sourceTree = "<group>";
		};
		9DCA52A31C50F91E00FF6DC3 /* Vendor */ = {
			isa = PBXGroup;
			children = (
			);
			path = Vendor;
			sourceTree = "<group>";
		};
		9DCA52AB1C50F98400FF6DC3 /* Class */ = {
			isa = PBXGroup;
			children = (
				9DA716811C5741B70083819B /* WeatherList */,
				9DCA52AC1C50F9A800FF6DC3 /* Main */,
			);
			path = Class;
			sourceTree = "<group>";
		};
		9DCA52AC1C50F9A800FF6DC3 /* Main */ = {
			isa = PBXGroup;
			children = (
				9DCA52AD1C50FA0100FF6DC3 /* View */,
				9DCA52AE1C50FA1F00FF6DC3 /* ViewController */,
				9DCA52621C50F64200FF6DC3 /* Main.storyboard */,
				9DCA52671C50F64200FF6DC3 /* LaunchScreen.storyboard */,
			);
			path = Main;
			sourceTree = "<group>";
		};
		9DCA52AD1C50FA0100FF6DC3 /* View */ = {
			isa = PBXGroup;
			children = (
				9D06E1FB1C54C82C0019E748 /* FutureWeatherTable.h */,
				9D06E1FC1C54C82C0019E748 /* FutureWeatherTable.m */,
				9D06E1FE1C54C8610019E748 /* FutureWeatherTableCell.h */,
				9D06E1FF1C54C8610019E748 /* FutureWeatherTableCell.m */,
				9D06E2001C54C8610019E748 /* FutureWeatherTableCell.xib */,
			);
			path = View;
			sourceTree = "<group>";
		};
		9DCA52AE1C50FA1F00FF6DC3 /* ViewController */ = {
			isa = PBXGroup;
			children = (
				9D6F94F21C53546F0036A25A /* MainViewController.h */,
				9D6F94F31C53546F0036A25A /* MainViewController.m */,
			);
			path = ViewController;
			sourceTree = "<group>";
		};
		F484F6962D364431DE5F4D40 /* Pods */ = {
			isa = PBXGroup;
			children = (
				77CD7053B134CCB5A6CD225E /* Pods-温室助手.debug.xcconfig */,
				1DBB748677C3F0ED7E84F195 /* Pods-温室助手.release.xcconfig */,
			);
			name = Pods;
			sourceTree = "<group>";
		};
/* End PBXGroup section */

/* Begin PBXNativeTarget section */
		9DCA52551C50F64200FF6DC3 /* 温室助手 */ = {
			isa = PBXNativeTarget;
			buildConfigurationList = 9DCA52831C50F64200FF6DC3 /* Build configuration list for PBXNativeTarget "温室助手" */;
			buildPhases = (
				FAF5793D5AABF2C140A5A592 /* Check Pods Manifest.lock */,
				9DCA52521C50F64200FF6DC3 /* Sources */,
				9DCA52531C50F64200FF6DC3 /* Frameworks */,
				9DCA52541C50F64200FF6DC3 /* Resources */,
				B5F00B53BEC7F108FC413598 /* Embed Pods Frameworks */,
				7558C133F1D4216944E488B9 /* Copy Pods Resources */,
			);
			buildRules = (
			);
			dependencies = (
			);
			name = "温室助手";
			productName = "温室助手";
			productReference = 9DCA52561C50F64200FF6DC3 /* 温室助手.app */;
			productType = "com.apple.product-type.application";
		};
		9DCA526E1C50F64200FF6DC3 /* 温室助手Tests */ = {
			isa = PBXNativeTarget;
			buildConfigurationList = 9DCA52861C50F64200FF6DC3 /* Build configuration list for PBXNativeTarget "温室助手Tests" */;
			buildPhases = (
				9DCA526B1C50F64200FF6DC3 /* Sources */,
				9DCA526C1C50F64200FF6DC3 /* Frameworks */,
				9DCA526D1C50F64200FF6DC3 /* Resources */,
			);
			buildRules = (
			);
			dependencies = (
				9DCA52711C50F64200FF6DC3 /* PBXTargetDependency */,
			);
			name = "温室助手Tests";
			productName = "温室助手Tests";
			productReference = 9DCA526F1C50F64200FF6DC3 /* 温室助手Tests.xctest */;
			productType = "com.apple.product-type.bundle.unit-test";
		};
		9DCA52791C50F64200FF6DC3 /* 温室助手UITests */ = {
			isa = PBXNativeTarget;
			buildConfigurationList = 9DCA52891C50F64200FF6DC3 /* Build configuration list for PBXNativeTarget "温室助手UITests" */;
			buildPhases = (
				9DCA52761C50F64200FF6DC3 /* Sources */,
				9DCA52771C50F64200FF6DC3 /* Frameworks */,
				9DCA52781C50F64200FF6DC3 /* Resources */,
			);
			buildRules = (
			);
			dependencies = (
				9DCA527C1C50F64200FF6DC3 /* PBXTargetDependency */,
			);
			name = "温室助手UITests";
			productName = "温室助手UITests";
			productReference = 9DCA527A1C50F64200FF6DC3 /* 温室助手UITests.xctest */;
			productType = "com.apple.product-type.bundle.ui-testing";
		};
/* End PBXNativeTarget section */

/* Begin PBXProject section */
		9DCA524E1C50F64200FF6DC3 /* Project object */ = {
			isa = PBXProject;
			attributes = {
				LastUpgradeCheck = 0720;
				ORGANIZATIONNAME = neusoftliang;
				TargetAttributes = {
					9DCA52551C50F64200FF6DC3 = {
						CreatedOnToolsVersion = 7.2;
					};
					9DCA526E1C50F64200FF6DC3 = {
						CreatedOnToolsVersion = 7.2;
						TestTargetID = 9DCA52551C50F64200FF6DC3;
					};
					9DCA52791C50F64200FF6DC3 = {
						CreatedOnToolsVersion = 7.2;
						TestTargetID = 9DCA52551C50F64200FF6DC3;
					};
				};
			};
			buildConfigurationList = 9DCA52511C50F64200FF6DC3 /* Build configuration list for PBXProject "温室助手" */;
			compatibilityVersion = "Xcode 3.2";
			developmentRegion = English;
			hasScannedForEncodings = 0;
			knownRegions = (
				en,
				Base,
			);
			mainGroup = 9DCA524D1C50F64200FF6DC3;
			productRefGroup = 9DCA52571C50F64200FF6DC3 /* Products */;
			projectDirPath = "";
			projectRoot = "";
			targets = (
				9DCA52551C50F64200FF6DC3 /* 温室助手 */,
				9DCA526E1C50F64200FF6DC3 /* 温室助手Tests */,
				9DCA52791C50F64200FF6DC3 /* 温室助手UITests */,
			);
		};
/* End PBXProject section */

/* Begin PBXResourcesBuildPhase section */
		9DCA52541C50F64200FF6DC3 /* Resources */ = {
			isa = PBXResourcesBuildPhase;
			buildActionMask = 2147483647;
			files = (
				9DA716A21C578FF10083819B /* yd.jpg in Resources */,
				9DA716A01C578FF10083819B /* ls.jpg in Resources */,
				9DA7169D1C578FF10083819B /* ct.jpg in Resources */,
				9D06E2021C54C8610019E748 /* FutureWeatherTableCell.xib in Resources */,
				9DA7169E1C578FF10083819B /* fs.jpg in Resources */,
				9DA120A81C56112B00D7FC33 /* weatherIcon.plist in Resources */,
				9DCA52691C50F64200FF6DC3 /* LaunchScreen.storyboard in Resources */,
				9DA11F961C55EEBE00D7FC33 /* undefined.png in Resources */,
				9DA716A11C578FF10083819B /* xc.jpg in Resources */,
				9DA7168B1C5743C60083819B /* WeatherTableViewCell.xib in Resources */,
				9DCA52661C50F64200FF6DC3 /* Assets.xcassets in Resources */,
				9DA7169F1C578FF10083819B /* gm.jpg in Resources */,
				9D06E2041C54E1770019E748 /* cities.plist in Resources */,
				9DCA52641C50F64200FF6DC3 /* Main.storyboard in Resources */,
			);
			runOnlyForDeploymentPostprocessing = 0;
		};
		9DCA526D1C50F64200FF6DC3 /* Resources */ = {
			isa = PBXResourcesBuildPhase;
			buildActionMask = 2147483647;
			files = (
			);
			runOnlyForDeploymentPostprocessing = 0;
		};
		9DCA52781C50F64200FF6DC3 /* Resources */ = {
			isa = PBXResourcesBuildPhase;
			buildActionMask = 2147483647;
			files = (
			);
			runOnlyForDeploymentPostprocessing = 0;
		};
/* End PBXResourcesBuildPhase section */

/* Begin PBXShellScriptBuildPhase section */
		7558C133F1D4216944E488B9 /* Copy Pods Resources */ = {
			isa = PBXShellScriptBuildPhase;
			buildActionMask = 2147483647;
			files = (
			);
			inputPaths = (
			);
			name = "Copy Pods Resources";
			outputPaths = (
			);
			runOnlyForDeploymentPostprocessing = 0;
			shellPath = /bin/sh;
			shellScript = "\"${SRCROOT}/Pods/Target Support Files/Pods-温室助手/Pods-温室助手-resources.sh\"\n";
			showEnvVarsInLog = 0;
		};
		B5F00B53BEC7F108FC413598 /* Embed Pods Frameworks */ = {
			isa = PBXShellScriptBuildPhase;
			buildActionMask = 2147483647;
			files = (
			);
			inputPaths = (
			);
			name = "Embed Pods Frameworks";
			outputPaths = (
			);
			runOnlyForDeploymentPostprocessing = 0;
			shellPath = /bin/sh;
			shellScript = "\"${SRCROOT}/Pods/Target Support Files/Pods-温室助手/Pods-温室助手-frameworks.sh\"\n";
			showEnvVarsInLog = 0;
		};
		FAF5793D5AABF2C140A5A592 /* Check Pods Manifest.lock */ = {
			isa = PBXShellScriptBuildPhase;
			buildActionMask = 2147483647;
			files = (
			);
			inputPaths = (
			);
			name = "Check Pods Manifest.lock";
			outputPaths = (
			);
			runOnlyForDeploymentPostprocessing = 0;
			shellPath = /bin/sh;
			shellScript = "diff \"${PODS_ROOT}/../Podfile.lock\" \"${PODS_ROOT}/Manifest.lock\" > /dev/null\nif [[ $? != 0 ]] ; then\n    cat << EOM\nerror: The sandbox is not in sync with the Podfile.lock. Run 'pod install' or update your CocoaPods installation.\nEOM\n    exit 1\nfi\n";
			showEnvVarsInLog = 0;
		};
/* End PBXShellScriptBuildPhase section */

/* Begin PBXSourcesBuildPhase section */
		9DCA52521C50F64200FF6DC3 /* Sources */ = {
			isa = PBXSourcesBuildPhase;
			buildActionMask = 2147483647;
			files = (
				9D6F94F01C534ADC0036A25A /* NSObject+MJParse.m in Sources */,
				9D6F94E61C5349A40036A25A /* WeatherNetManager.m in Sources */,
				9D06E2011C54C8610019E748 /* FutureWeatherTableCell.m in Sources */,
				9D06E1FD1C54C82C0019E748 /* FutureWeatherTable.m in Sources */,
				9DA11F4E1C55C00E00D7FC33 /* CityNetManager.m in Sources */,
				9D6F94DF1C533B8F0036A25A /* WeatherModel.m in Sources */,
				9DCA52A81C50F91E00FF6DC3 /* BaseModel.m in Sources */,
				9D6F94F41C53546F0036A25A /* MainViewController.m in Sources */,
				9DA7168A1C5743C60083819B /* WeatherTableViewCell.m in Sources */,
				9DCA525E1C50F64200FF6DC3 /* AppDelegate.m in Sources */,
				9DA716A51C57A4570083819B /* HeaderScrollView.m in Sources */,
				9DA120AB1C5612A700D7FC33 /* WeatherIconManager.m in Sources */,
				9DA11F4B1C55BF5500D7FC33 /* CityModel.m in Sources */,
				9DCA52A41C50F91E00FF6DC3 /* AppDelegate+Category.m in Sources */,
				9D6F94EE1C534ADC0036A25A /* Foundation+Log.m in Sources */,
				9DA716861C5742330083819B /* WeatherListViewController.m in Sources */,
				9D6F94F11C534ADC0036A25A /* UIScrollView+Refresh.m in Sources */,
				9DCA525B1C50F64200FF6DC3 /* main.m in Sources */,
				9DA11F481C559F0500D7FC33 /* GPSManager.m in Sources */,
				9D6F94E31C5349790036A25A /* BaseNetManager.m in Sources */,
				9D6F94EF1C534ADC0036A25A /* NSObject+AFNet.m in Sources */,
				9DCA52A71C50F91E00FF6DC3 /* Factory.m in Sources */,
			);
			runOnlyForDeploymentPostprocessing = 0;
		};
		9DCA526B1C50F64200FF6DC3 /* Sources */ = {
			isa = PBXSourcesBuildPhase;
			buildActionMask = 2147483647;
			files = (
				9DCA52741C50F64200FF6DC3 /* ____Tests.m in Sources */,
			);
			runOnlyForDeploymentPostprocessing = 0;
		};
		9DCA52761C50F64200FF6DC3 /* Sources */ = {
			isa = PBXSourcesBuildPhase;
			buildActionMask = 2147483647;
			files = (
				9DCA527F1C50F64200FF6DC3 /* ____UITests.m in Sources */,
			);
			runOnlyForDeploymentPostprocessing = 0;
		};
/* End PBXSourcesBuildPhase section */

/* Begin PBXTargetDependency section */
		9DCA52711C50F64200FF6DC3 /* PBXTargetDependency */ = {
			isa = PBXTargetDependency;
			target = 9DCA52551C50F64200FF6DC3 /* 温室助手 */;
			targetProxy = 9DCA52701C50F64200FF6DC3 /* PBXContainerItemProxy */;
		};
		9DCA527C1C50F64200FF6DC3 /* PBXTargetDependency */ = {
			isa = PBXTargetDependency;
			target = 9DCA52551C50F64200FF6DC3 /* 温室助手 */;
			targetProxy = 9DCA527B1C50F64200FF6DC3 /* PBXContainerItemProxy */;
		};
/* End PBXTargetDependency section */

/* Begin PBXVariantGroup section */
		9DCA52621C50F64200FF6DC3 /* Main.storyboard */ = {
			isa = PBXVariantGroup;
			children = (
				9DCA52631C50F64200FF6DC3 /* Base */,
			);
			name = Main.storyboard;
			path = ../..;
			sourceTree = "<group>";
		};
		9DCA52671C50F64200FF6DC3 /* LaunchScreen.storyboard */ = {
			isa = PBXVariantGroup;
			children = (
				9DCA52681C50F64200FF6DC3 /* Base */,
			);
			name = LaunchScreen.storyboard;
			path = ../..;
			sourceTree = "<group>";
		};
/* End PBXVariantGroup section */

/* Begin XCBuildConfiguration section */
		9DCA52811C50F64200FF6DC3 /* Debug */ = {
			isa = XCBuildConfiguration;
			buildSettings = {
				ALWAYS_SEARCH_USER_PATHS = NO;
				CLANG_CXX_LANGUAGE_STANDARD = "gnu++0x";
				CLANG_CXX_LIBRARY = "libc++";
				CLANG_ENABLE_MODULES = YES;
				CLANG_ENABLE_OBJC_ARC = YES;
				CLANG_WARN_BOOL_CONVERSION = YES;
				CLANG_WARN_CONSTANT_CONVERSION = YES;
				CLANG_WARN_DIRECT_OBJC_ISA_USAGE = YES_ERROR;
				CLANG_WARN_EMPTY_BODY = YES;
				CLANG_WARN_ENUM_CONVERSION = YES;
				CLANG_WARN_INT_CONVERSION = YES;
				CLANG_WARN_OBJC_ROOT_CLASS = YES_ERROR;
				CLANG_WARN_UNREACHABLE_CODE = YES;
				CLANG_WARN__DUPLICATE_METHOD_MATCH = YES;
				"CODE_SIGN_IDENTITY[sdk=iphoneos*]" = "iPhone Developer";
				COPY_PHASE_STRIP = NO;
				DEBUG_INFORMATION_FORMAT = dwarf;
				ENABLE_STRICT_OBJC_MSGSEND = YES;
				ENABLE_TESTABILITY = YES;
				GCC_C_LANGUAGE_STANDARD = gnu99;
				GCC_DYNAMIC_NO_PIC = NO;
				GCC_NO_COMMON_BLOCKS = YES;
				GCC_OPTIMIZATION_LEVEL = 0;
				GCC_PREPROCESSOR_DEFINITIONS = (
					"DEBUG=1",
					"$(inherited)",
				);
				GCC_WARN_64_TO_32_BIT_CONVERSION = YES;
				GCC_WARN_ABOUT_RETURN_TYPE = YES_ERROR;
				GCC_WARN_UNDECLARED_SELECTOR = YES;
				GCC_WARN_UNINITIALIZED_AUTOS = YES_AGGRESSIVE;
				GCC_WARN_UNUSED_FUNCTION = YES;
				GCC_WARN_UNUSED_VARIABLE = YES;
				IPHONEOS_DEPLOYMENT_TARGET = 9.2;
				MTL_ENABLE_DEBUG_INFO = YES;
				ONLY_ACTIVE_ARCH = YES;
				SDKROOT = iphoneos;
				TARGETED_DEVICE_FAMILY = "1,2";
			};
			name = Debug;
		};
		9DCA52821C50F64200FF6DC3 /* Release */ = {
			isa = XCBuildConfiguration;
			buildSettings = {
				ALWAYS_SEARCH_USER_PATHS = NO;
				CLANG_CXX_LANGUAGE_STANDARD = "gnu++0x";
				CLANG_CXX_LIBRARY = "libc++";
				CLANG_ENABLE_MODULES = YES;
				CLANG_ENABLE_OBJC_ARC = YES;
				CLANG_WARN_BOOL_CONVERSION = YES;
				CLANG_WARN_CONSTANT_CONVERSION = YES;
				CLANG_WARN_DIRECT_OBJC_ISA_USAGE = YES_ERROR;
				CLANG_WARN_EMPTY_BODY = YES;
				CLANG_WARN_ENUM_CONVERSION = YES;
				CLANG_WARN_INT_CONVERSION = YES;
				CLANG_WARN_OBJC_ROOT_CLASS = YES_ERROR;
				CLANG_WARN_UNREACHABLE_CODE = YES;
				CLANG_WARN__DUPLICATE_METHOD_MATCH = YES;
				"CODE_SIGN_IDENTITY[sdk=iphoneos*]" = "iPhone Developer";
				COPY_PHASE_STRIP = NO;
				DEBUG_INFORMATION_FORMAT = "dwarf-with-dsym";
				ENABLE_NS_ASSERTIONS = NO;
				ENABLE_STRICT_OBJC_MSGSEND = YES;
				GCC_C_LANGUAGE_STANDARD = gnu99;
				GCC_NO_COMMON_BLOCKS = YES;
				GCC_WARN_64_TO_32_BIT_CONVERSION = YES;
				GCC_WARN_ABOUT_RETURN_TYPE = YES_ERROR;
				GCC_WARN_UNDECLARED_SELECTOR = YES;
				GCC_WARN_UNINITIALIZED_AUTOS = YES_AGGRESSIVE;
				GCC_WARN_UNUSED_FUNCTION = YES;
				GCC_WARN_UNUSED_VARIABLE = YES;
				IPHONEOS_DEPLOYMENT_TARGET = 9.2;
				MTL_ENABLE_DEBUG_INFO = NO;
				SDKROOT = iphoneos;
				TARGETED_DEVICE_FAMILY = "1,2";
				VALIDATE_PRODUCT = YES;
			};
			name = Release;
		};
		9DCA52841C50F64200FF6DC3 /* Debug */ = {
			isa = XCBuildConfiguration;
			baseConfigurationReference = 77CD7053B134CCB5A6CD225E /* Pods-温室助手.debug.xcconfig */;
			buildSettings = {
				ASSETCATALOG_COMPILER_APPICON_NAME = AppIcon;
				GCC_PRECOMPILE_PREFIX_HEADER = YES;
				GCC_PREFIX_HEADER = "$(SRCROOT)/$(PRODUCT_NAME)/Resource/PrefixHeader.pch";
				INFOPLIST_FILE = "温室助手/Info.plist";
				LD_RUNPATH_SEARCH_PATHS = "$(inherited) @executable_path/Frameworks";
				PRODUCT_BUNDLE_IDENTIFIER = "com.neusoftliang.----";
				PRODUCT_NAME = "$(TARGET_NAME)";
			};
			name = Debug;
		};
		9DCA52851C50F64200FF6DC3 /* Release */ = {
			isa = XCBuildConfiguration;
			baseConfigurationReference = 1DBB748677C3F0ED7E84F195 /* Pods-温室助手.release.xcconfig */;
			buildSettings = {
				ASSETCATALOG_COMPILER_APPICON_NAME = AppIcon;
				GCC_PRECOMPILE_PREFIX_HEADER = YES;
				GCC_PREFIX_HEADER = "$(SRCROOT)/$(PRODUCT_NAME)/Resource/PrefixHeader.pch";
				INFOPLIST_FILE = "温室助手/Info.plist";
				LD_RUNPATH_SEARCH_PATHS = "$(inherited) @executable_path/Frameworks";
				PRODUCT_BUNDLE_IDENTIFIER = "com.neusoftliang.----";
				PRODUCT_NAME = "$(TARGET_NAME)";
			};
			name = Release;
		};
		9DCA52871C50F64200FF6DC3 /* Debug */ = {
			isa = XCBuildConfiguration;
			buildSettings = {
				BUNDLE_LOADER = "$(TEST_HOST)";
				INFOPLIST_FILE = "温室助手Tests/Info.plist";
				LD_RUNPATH_SEARCH_PATHS = "$(inherited) @executable_path/Frameworks @loader_path/Frameworks";
				PRODUCT_BUNDLE_IDENTIFIER = "com.neusoftliang.----Tests";
				PRODUCT_NAME = "$(TARGET_NAME)";
				TEST_HOST = "$(BUILT_PRODUCTS_DIR)/温室助手.app/温室助手";
			};
			name = Debug;
		};
		9DCA52881C50F64200FF6DC3 /* Release */ = {
			isa = XCBuildConfiguration;
			buildSettings = {
				BUNDLE_LOADER = "$(TEST_HOST)";
				INFOPLIST_FILE = "温室助手Tests/Info.plist";
				LD_RUNPATH_SEARCH_PATHS = "$(inherited) @executable_path/Frameworks @loader_path/Frameworks";
				PRODUCT_BUNDLE_IDENTIFIER = "com.neusoftliang.----Tests";
				PRODUCT_NAME = "$(TARGET_NAME)";
				TEST_HOST = "$(BUILT_PRODUCTS_DIR)/温室助手.app/温室助手";
			};
			name = Release;
		};
		9DCA528A1C50F64200FF6DC3 /* Debug */ = {
			isa = XCBuildConfiguration;
			buildSettings = {
				INFOPLIST_FILE = "温室助手UITests/Info.plist";
				LD_RUNPATH_SEARCH_PATHS = "$(inherited) @executable_path/Frameworks @loader_path/Frameworks";
				PRODUCT_BUNDLE_IDENTIFIER = "com.neusoftliang.----UITests";
				PRODUCT_NAME = "$(TARGET_NAME)";
				TEST_TARGET_NAME = "温室助手";
				USES_XCTRUNNER = YES;
			};
			name = Debug;
		};
		9DCA528B1C50F64200FF6DC3 /* Release */ = {
			isa = XCBuildConfiguration;
			buildSettings = {
				INFOPLIST_FILE = "温室助手UITests/Info.plist";
				LD_RUNPATH_SEARCH_PATHS = "$(inherited) @executable_path/Frameworks @loader_path/Frameworks";
				PRODUCT_BUNDLE_IDENTIFIER = "com.neusoftliang.----UITests";
				PRODUCT_NAME = "$(TARGET_NAME)";
				TEST_TARGET_NAME = "温室助手";
				USES_XCTRUNNER = YES;
			};
			name = Release;
		};
/* End XCBuildConfiguration section */

/* Begin XCConfigurationList section */
		9DCA52511C50F64200FF6DC3 /* Build configuration list for PBXProject "温室助手" */ = {
			isa = XCConfigurationList;
			buildConfigurations = (
				9DCA52811C50F64200FF6DC3 /* Debug */,
				9DCA52821C50F64200FF6DC3 /* Release */,
			);
			defaultConfigurationIsVisible = 0;
			defaultConfigurationName = Release;
		};
		9DCA52831C50F64200FF6DC3 /* Build configuration list for PBXNativeTarget "温室助手" */ = {
			isa = XCConfigurationList;
			buildConfigurations = (
				9DCA52841C50F64200FF6DC3 /* Debug */,
				9DCA52851C50F64200FF6DC3 /* Release */,
			);
			defaultConfigurationIsVisible = 0;
			defaultConfigurationName = Release;
		};
		9DCA52861C50F64200FF6DC3 /* Build configuration list for PBXNativeTarget "温室助手Tests" */ = {
			isa = XCConfigurationList;
			buildConfigurations = (
				9DCA52871C50F64200FF6DC3 /* Debug */,
				9DCA52881C50F64200FF6DC3 /* Release */,
			);
			defaultConfigurationIsVisible = 0;
			defaultConfigurationName = Release;
		};
		9DCA52891C50F64200FF6DC3 /* Build configuration list for PBXNativeTarget "温室助手UITests" */ = {
			isa = XCConfigurationList;
			buildConfigurations = (
				9DCA528A1C50F64200FF6DC3 /* Debug */,
				9DCA528B1C50F64200FF6DC3 /* Release */,
			);
			defaultConfigurationIsVisible = 0;
			defaultConfigurationName = Release;
		};
/* End XCConfigurationList section */
	};
	rootObject = 9DCA524E1C50F64200FF6DC3 /* Project object */;
}
